// !$*UTF8*$!
{
	archiveVersion = 1;
	classes = {
	};
	objectVersion = 56;
	objects = {

/* Begin PBXBuildFile section */
		C6D157F62BEFC0520070898F /* SwiftUIMovieAppApp.swift in Sources */ = {isa = PBXBuildFile; fileRef = C6D157F52BEFC0520070898F /* SwiftUIMovieAppApp.swift */; };
		C6D157F82BEFC0520070898F /* ContentView.swift in Sources */ = {isa = PBXBuildFile; fileRef = C6D157F72BEFC0520070898F /* ContentView.swift */; };
		C6D157FA2BEFC0550070898F /* Assets.xcassets in Resources */ = {isa = PBXBuildFile; fileRef = C6D157F92BEFC0550070898F /* Assets.xcassets */; };
		C6D157FD2BEFC0550070898F /* Preview Assets.xcassets in Resources */ = {isa = PBXBuildFile; fileRef = C6D157FC2BEFC0550070898F /* Preview Assets.xcassets */; };
		C6D158052BEFC0980070898F /* Movie.swift in Sources */ = {isa = PBXBuildFile; fileRef = C6D158042BEFC0980070898F /* Movie.swift */; };
		C6D158082BEFC14F0070898F /* MovieService.swift in Sources */ = {isa = PBXBuildFile; fileRef = C6D158072BEFC14F0070898F /* MovieService.swift */; };
		C6D1580A2BEFC5860070898F /* MovieStore.swift in Sources */ = {isa = PBXBuildFile; fileRef = C6D158092BEFC5860070898F /* MovieStore.swift */; };
		C6D1580C2BEFC72F0070898F /* Utils.swift in Sources */ = {isa = PBXBuildFile; fileRef = C6D1580B2BEFC72F0070898F /* Utils.swift */; };
		C6D1580E2BEFD19C0070898F /* MovieStub.swift in Sources */ = {isa = PBXBuildFile; fileRef = C6D1580D2BEFD19C0070898F /* MovieStub.swift */; };
/* End PBXBuildFile section */

/* Begin PBXFileReference section */
		C6D157F22BEFC0520070898F /* SwiftUIMovieApp.app */ = {isa = PBXFileReference; explicitFileType = wrapper.application; includeInIndex = 0; path = SwiftUIMovieApp.app; sourceTree = BUILT_PRODUCTS_DIR; };
		C6D157F52BEFC0520070898F /* SwiftUIMovieAppApp.swift */ = {isa = PBXFileReference; lastKnownFileType = sourcecode.swift; path = SwiftUIMovieAppApp.swift; sourceTree = "<group>"; };
		C6D157F72BEFC0520070898F /* ContentView.swift */ = {isa = PBXFileReference; lastKnownFileType = sourcecode.swift; path = ContentView.swift; sourceTree = "<group>"; };
		C6D157F92BEFC0550070898F /* Assets.xcassets */ = {isa = PBXFileReference; lastKnownFileType = folder.assetcatalog; path = Assets.xcassets; sourceTree = "<group>"; };
		C6D157FC2BEFC0550070898F /* Preview Assets.xcassets */ = {isa = PBXFileReference; lastKnownFileType = folder.assetcatalog; path = "Preview Assets.xcassets"; sourceTree = "<group>"; };
		C6D158042BEFC0980070898F /* Movie.swift */ = {isa = PBXFileReference; lastKnownFileType = sourcecode.swift; path = Movie.swift; sourceTree = "<group>"; };
		C6D158072BEFC14F0070898F /* MovieService.swift */ = {isa = PBXFileReference; lastKnownFileType = sourcecode.swift; path = MovieService.swift; sourceTree = "<group>"; };
		C6D158092BEFC5860070898F /* MovieStore.swift */ = {isa = PBXFileReference; lastKnownFileType = sourcecode.swift; path = MovieStore.swift; sourceTree = "<group>"; };
		C6D1580B2BEFC72F0070898F /* Utils.swift */ = {isa = PBXFileReference; lastKnownFileType = sourcecode.swift; path = Utils.swift; sourceTree = "<group>"; };
		C6D1580D2BEFD19C0070898F /* MovieStub.swift */ = {isa = PBXFileReference; lastKnownFileType = sourcecode.swift; path = MovieStub.swift; sourceTree = "<group>"; };
/* End PBXFileReference section */

/* Begin PBXFrameworksBuildPhase section */
		C6D157EF2BEFC0520070898F /* Frameworks */ = {
			isa = PBXFrameworksBuildPhase;
			buildActionMask = 2147483647;
			files = (
			);
			runOnlyForDeploymentPostprocessing = 0;
		};
/* End PBXFrameworksBuildPhase section */

/* Begin PBXGroup section */
		C6D157E92BEFC0520070898F = {
			isa = PBXGroup;
			children = (
				C6D157F42BEFC0520070898F /* SwiftUIMovieApp */,
				C6D157F32BEFC0520070898F /* Products */,
			);
			sourceTree = "<group>";
		};
		C6D157F32BEFC0520070898F /* Products */ = {
			isa = PBXGroup;
			children = (
				C6D157F22BEFC0520070898F /* SwiftUIMovieApp.app */,
			);
			name = Products;
			sourceTree = "<group>";
		};
		C6D157F42BEFC0520070898F /* SwiftUIMovieApp */ = {
			isa = PBXGroup;
			children = (
				C6D158062BEFC1360070898F /* Service */,
				C6D158032BEFC0810070898F /* Models */,
				C6D157F52BEFC0520070898F /* SwiftUIMovieAppApp.swift */,
				C6D157F72BEFC0520070898F /* ContentView.swift */,
				C6D157F92BEFC0550070898F /* Assets.xcassets */,
				C6D157FB2BEFC0550070898F /* Preview Content */,
				C6D1580B2BEFC72F0070898F /* Utils.swift */,
			);
			path = SwiftUIMovieApp;
			sourceTree = "<group>";
		};
		C6D157FB2BEFC0550070898F /* Preview Content */ = {
			isa = PBXGroup;
			children = (
				C6D157FC2BEFC0550070898F /* Preview Assets.xcassets */,
			);
			path = "Preview Content";
			sourceTree = "<group>";
		};
		C6D158032BEFC0810070898F /* Models */ = {
			isa = PBXGroup;
			children = (
				C6D158042BEFC0980070898F /* Movie.swift */,
				C6D1580D2BEFD19C0070898F /* MovieStub.swift */,
			);
			path = Models;
			sourceTree = "<group>";
		};
		C6D158062BEFC1360070898F /* Service */ = {
			isa = PBXGroup;
			children = (
				C6D158072BEFC14F0070898F /* MovieService.swift */,
				C6D158092BEFC5860070898F /* MovieStore.swift */,
			);
			path = Service;
			sourceTree = "<group>";
		};
/* End PBXGroup section */

/* Begin PBXNativeTarget section */
		C6D157F12BEFC0520070898F /* SwiftUIMovieApp */ = {
			isa = PBXNativeTarget;
			buildConfigurationList = C6D158002BEFC0550070898F /* Build configuration list for PBXNativeTarget "SwiftUIMovieApp" */;
			buildPhases = (
				C6D157EE2BEFC0520070898F /* Sources */,
				C6D157EF2BEFC0520070898F /* Frameworks */,
				C6D157F02BEFC0520070898F /* Resources */,
			);
			buildRules = (
			);
			dependencies = (
			);
			name = SwiftUIMovieApp;
			productName = SwiftUIMovieApp;
			productReference = C6D157F22BEFC0520070898F /* SwiftUIMovieApp.app */;
			productType = "com.apple.product-type.application";
		};
/* End PBXNativeTarget section */

/* Begin PBXProject section */
		C6D157EA2BEFC0520070898F /* Project object */ = {
			isa = PBXProject;
			attributes = {
				BuildIndependentTargetsInParallel = 1;
				LastSwiftUpdateCheck = 1530;
				LastUpgradeCheck = 1530;
				TargetAttributes = {
					C6D157F12BEFC0520070898F = {
						CreatedOnToolsVersion = 15.3;
					};
				};
			};
			buildConfigurationList = C6D157ED2BEFC0520070898F /* Build configuration list for PBXProject "SwiftUIMovieApp" */;
			compatibilityVersion = "Xcode 14.0";
			developmentRegion = en;
			hasScannedForEncodings = 0;
			knownRegions = (
				en,
				Base,
			);
			mainGroup = C6D157E92BEFC0520070898F;
			productRefGroup = C6D157F32BEFC0520070898F /* Products */;
			projectDirPath = "";
			projectRoot = "";
			targets = (
				C6D157F12BEFC0520070898F /* SwiftUIMovieApp */,
			);
		};
/* End PBXProject section */

/* Begin PBXResourcesBuildPhase section */
		C6D157F02BEFC0520070898F /* Resources */ = {
			isa = PBXResourcesBuildPhase;
			buildActionMask = 2147483647;
			files = (
				C6D157FD2BEFC0550070898F /* Preview Assets.xcassets in Resources */,
				C6D157FA2BEFC0550070898F /* Assets.xcassets in Resources */,
			);
			runOnlyForDeploymentPostprocessing = 0;
		};
/* End PBXResourcesBuildPhase section */

/* Begin PBXSourcesBuildPhase section */
		C6D157EE2BEFC0520070898F /* Sources */ = {
			isa = PBXSourcesBuildPhase;
			buildActionMask = 2147483647;
			files = (
				C6D157F82BEFC0520070898F /* ContentView.swift in Sources */,
				C6D1580E2BEFD19C0070898F /* MovieStub.swift in Sources */,
				C6D157F62BEFC0520070898F /* SwiftUIMovieAppApp.swift in Sources */,
				C6D158082BEFC14F0070898F /* MovieService.swift in Sources */,
				C6D158052BEFC0980070898F /* Movie.swift in Sources */,
				C6D1580A2BEFC5860070898F /* MovieStore.swift in Sources */,
				C6D1580C2BEFC72F0070898F /* Utils.swift in Sources */,
			);
			runOnlyForDeploymentPostprocessing = 0;
		};
/* End PBXSourcesBuildPhase section */

/* Begin XCBuildConfiguration section */
		C6D157FE2BEFC0550070898F /* Debug */ = {
			isa = XCBuildConfiguration;
			buildSettings = {
				ALWAYS_SEARCH_USER_PATHS = NO;
				ASSETCATALOG_COMPILER_GENERATE_SWIFT_ASSET_SYMBOL_EXTENSIONS = YES;
				CLANG_ANALYZER_NONNULL = YES;
				CLANG_ANALYZER_NUMBER_OBJECT_CONVERSION = YES_AGGRESSIVE;
				CLANG_CXX_LANGUAGE_STANDARD = "gnu++20";
				CLANG_ENABLE_MODULES = YES;
				CLANG_ENABLE_OBJC_ARC = YES;
				CLANG_ENABLE_OBJC_WEAK = YES;
				CLANG_WARN_BLOCK_CAPTURE_AUTORELEASING = YES;
				CLANG_WARN_BOOL_CONVERSION = YES;
				CLANG_WARN_COMMA = YES;
				CLANG_WARN_CONSTANT_CONVERSION = YES;
				CLANG_WARN_DEPRECATED_OBJC_IMPLEMENTATIONS = YES;
				CLANG_WARN_DIRECT_OBJC_ISA_USAGE = YES_ERROR;
				CLANG_WARN_DOCUMENTATION_COMMENTS = YES;
				CLANG_WARN_EMPTY_BODY = YES;
				CLANG_WARN_ENUM_CONVERSION = YES;
				CLANG_WARN_INFINITE_RECURSION = YES;
				CLANG_WARN_INT_CONVERSION = YES;
				CLANG_WARN_NON_LITERAL_NULL_CONVERSION = YES;
				CLANG_WARN_OBJC_IMPLICIT_RETAIN_SELF = YES;
				CLANG_WARN_OBJC_LITERAL_CONVERSION = YES;
				CLANG_WARN_OBJC_ROOT_CLASS = YES_ERROR;
				CLANG_WARN_QUOTED_INCLUDE_IN_FRAMEWORK_HEADER = YES;
				CLANG_WARN_RANGE_LOOP_ANALYSIS = YES;
				CLANG_WARN_STRICT_PROTOTYPES = YES;
				CLANG_WARN_SUSPICIOUS_MOVE = YES;
				CLANG_WARN_UNGUARDED_AVAILABILITY = YES_AGGRESSIVE;
				CLANG_WARN_UNREACHABLE_CODE = YES;
				CLANG_WARN__DUPLICATE_METHOD_MATCH = YES;
				COPY_PHASE_STRIP = NO;
				DEBUG_INFORMATION_FORMAT = dwarf;
				ENABLE_STRICT_OBJC_MSGSEND = YES;
				ENABLE_TESTABILITY = YES;
				ENABLE_USER_SCRIPT_SANDBOXING = YES;
				GCC_C_LANGUAGE_STANDARD = gnu17;
				GCC_DYNAMIC_NO_PIC = NO;
				GCC_NO_COMMON_BLOCKS = YES;
				GCC_OPTIMIZATION_LEVEL = 0;
				GCC_PREPROCESSOR_DEFINITIONS = (
					"DEBUG=1",
					"$(inherited)",
				);
				GCC_WARN_64_TO_32_BIT_CONVERSION = YES;
				GCC_WARN_ABOUT_RETURN_TYPE = YES_ERROR;
				GCC_WARN_UNDECLARED_SELECTOR = YES;
				GCC_WARN_UNINITIALIZED_AUTOS = YES_AGGRESSIVE;
				GCC_WARN_UNUSED_FUNCTION = YES;
				GCC_WARN_UNUSED_VARIABLE = YES;
				IPHONEOS_DEPLOYMENT_TARGET = 17.4;
				LOCALIZATION_PREFERS_STRING_CATALOGS = YES;
				MTL_ENABLE_DEBUG_INFO = INCLUDE_SOURCE;
				MTL_FAST_MATH = YES;
				ONLY_ACTIVE_ARCH = YES;
				SDKROOT = iphoneos;
				SWIFT_ACTIVE_COMPILATION_CONDITIONS = "DEBUG $(inherited)";
				SWIFT_OPTIMIZATION_LEVEL = "-Onone";
			};
			name = Debug;
		};
		C6D157FF2BEFC0550070898F /* Release */ = {
			isa = XCBuildConfiguration;
			buildSettings = {
				ALWAYS_SEARCH_USER_PATHS = NO;
				ASSETCATALOG_COMPILER_GENERATE_SWIFT_ASSET_SYMBOL_EXTENSIONS = YES;
				CLANG_ANALYZER_NONNULL = YES;
				CLANG_ANALYZER_NUMBER_OBJECT_CONVERSION = YES_AGGRESSIVE;
				CLANG_CXX_LANGUAGE_STANDARD = "gnu++20";
				CLANG_ENABLE_MODULES = YES;
				CLANG_ENABLE_OBJC_ARC = YES;
				CLANG_ENABLE_OBJC_WEAK = YES;
				CLANG_WARN_BLOCK_CAPTURE_AUTORELEASING = YES;
				CLANG_WARN_BOOL_CONVERSION = YES;
				CLANG_WARN_COMMA = YES;
				CLANG_WARN_CONSTANT_CONVERSION = YES;
				CLANG_WARN_DEPRECATED_OBJC_IMPLEMENTATIONS = YES;
				CLANG_WARN_DIRECT_OBJC_ISA_USAGE = YES_ERROR;
				CLANG_WARN_DOCUMENTATION_COMMENTS = YES;
				CLANG_WARN_EMPTY_BODY = YES;
				CLANG_WARN_ENUM_CONVERSION = YES;
				CLANG_WARN_INFINITE_RECURSION = YES;
				CLANG_WARN_INT_CONVERSION = YES;
				CLANG_WARN_NON_LITERAL_NULL_CONVERSION = YES;
				CLANG_WARN_OBJC_IMPLICIT_RETAIN_SELF = YES;
				CLANG_WARN_OBJC_LITERAL_CONVERSION = YES;
				CLANG_WARN_OBJC_ROOT_CLASS = YES_ERROR;
				CLANG_WARN_QUOTED_INCLUDE_IN_FRAMEWORK_HEADER = YES;
				CLANG_WARN_RANGE_LOOP_ANALYSIS = YES;
				CLANG_WARN_STRICT_PROTOTYPES = YES;
				CLANG_WARN_SUSPICIOUS_MOVE = YES;
				CLANG_WARN_UNGUARDED_AVAILABILITY = YES_AGGRESSIVE;
				CLANG_WARN_UNREACHABLE_CODE = YES;
				CLANG_WARN__DUPLICATE_METHOD_MATCH = YES;
				COPY_PHASE_STRIP = NO;
				DEBUG_INFORMATION_FORMAT = "dwarf-with-dsym";
				ENABLE_NS_ASSERTIONS = NO;
				ENABLE_STRICT_OBJC_MSGSEND = YES;
				ENABLE_USER_SCRIPT_SANDBOXING = YES;
				GCC_C_LANGUAGE_STANDARD = gnu17;
				GCC_NO_COMMON_BLOCKS = YES;
				GCC_WARN_64_TO_32_BIT_CONVERSION = YES;
				GCC_WARN_ABOUT_RETURN_TYPE = YES_ERROR;
				GCC_WARN_UNDECLARED_SELECTOR = YES;
				GCC_WARN_UNINITIALIZED_AUTOS = YES_AGGRESSIVE;
				GCC_WARN_UNUSED_FUNCTION = YES;
				GCC_WARN_UNUSED_VARIABLE = YES;
				IPHONEOS_DEPLOYMENT_TARGET = 17.4;
				LOCALIZATION_PREFERS_STRING_CATALOGS = YES;
				MTL_ENABLE_DEBUG_INFO = NO;
				MTL_FAST_MATH = YES;
				SDKROOT = iphoneos;
				SWIFT_COMPILATION_MODE = wholemodule;
				VALIDATE_PRODUCT = YES;
			};
			name = Release;
		};
		C6D158012BEFC0550070898F /* Debug */ = {
			isa = XCBuildConfiguration;
			buildSettings = {
				ASSETCATALOG_COMPILER_APPICON_NAME = AppIcon;
				ASSETCATALOG_COMPILER_GLOBAL_ACCENT_COLOR_NAME = AccentColor;
				CODE_SIGN_STYLE = Automatic;
				CURRENT_PROJECT_VERSION = 1;
				DEVELOPMENT_ASSET_PATHS = "\"SwiftUIMovieApp/Preview Content\"";
				DEVELOPMENT_TEAM = YXJVC295BN;
				ENABLE_PREVIEWS = YES;
				GENERATE_INFOPLIST_FILE = YES;
				INFOPLIST_KEY_UIApplicationSceneManifest_Generation = YES;
				INFOPLIST_KEY_UIApplicationSupportsIndirectInputEvents = YES;
				INFOPLIST_KEY_UILaunchScreen_Generation = YES;
				INFOPLIST_KEY_UISupportedInterfaceOrientations_iPad = "UIInterfaceOrientationPortrait UIInterfaceOrientationPortraitUpsideDown UIInterfaceOrientationLandscapeLeft UIInterfaceOrientationLandscapeRight";
				INFOPLIST_KEY_UISupportedInterfaceOrientations_iPhone = "UIInterfaceOrientationPortrait UIInterfaceOrientationLandscapeLeft UIInterfaceOrientationLandscapeRight";
				LD_RUNPATH_SEARCH_PATHS = (
					"$(inherited)",
					"@executable_path/Frameworks",
				);
				MARKETING_VERSION = 1.0;
				PRODUCT_BUNDLE_IDENTIFIER = com.example.SwiftUIMovieApp;
				PRODUCT_NAME = "$(TARGET_NAME)";
				SWIFT_EMIT_LOC_STRINGS = YES;
				SWIFT_VERSION = 5.0;
				TARGETED_DEVICE_FAMILY = "1,2";
			};
			name = Debug;
		};
		C6D158022BEFC0550070898F /* Release */ = {
			isa = XCBuildConfiguration;
			buildSettings = {
				ASSETCATALOG_COMPILER_APPICON_NAME = AppIcon;
				ASSETCATALOG_COMPILER_GLOBAL_ACCENT_COLOR_NAME = AccentColor;
				CODE_SIGN_STYLE = Automatic;
				CURRENT_PROJECT_VERSION = 1;
				DEVELOPMENT_ASSET_PATHS = "\"SwiftUIMovieApp/Preview Content\"";
				DEVELOPMENT_TEAM = YXJVC295BN;
				ENABLE_PREVIEWS = YES;
				GENERATE_INFOPLIST_FILE = YES;
				INFOPLIST_KEY_UIApplicationSceneManifest_Generation = YES;
				INFOPLIST_KEY_UIApplicationSupportsIndirectInputEvents = YES;
				INFOPLIST_KEY_UILaunchScreen_Generation = YES;
				INFOPLIST_KEY_UISupportedInterfaceOrientations_iPad = "UIInterfaceOrientationPortrait UIInterfaceOrientationPortraitUpsideDown UIInterfaceOrientationLandscapeLeft UIInterfaceOrientationLandscapeRight";
				INFOPLIST_KEY_UISupportedInterfaceOrientations_iPhone = "UIInterfaceOrientationPortrait UIInterfaceOrientationLandscapeLeft UIInterfaceOrientationLandscapeRight";
				LD_RUNPATH_SEARCH_PATHS = (
					"$(inherited)",
					"@executable_path/Frameworks",
				);
				MARKETING_VERSION = 1.0;
				PRODUCT_BUNDLE_IDENTIFIER = com.example.SwiftUIMovieApp;
				PRODUCT_NAME = "$(TARGET_NAME)";
				SWIFT_EMIT_LOC_STRINGS = YES;
				SWIFT_VERSION = 5.0;
				TARGETED_DEVICE_FAMILY = "1,2";
			};
			name = Release;
		};
/* End XCBuildConfiguration section */

/* Begin XCConfigurationList section */
		C6D157ED2BEFC0520070898F /* Build configuration list for PBXProject "SwiftUIMovieApp" */ = {
			isa = XCConfigurationList;
			buildConfigurations = (
				C6D157FE2BEFC0550070898F /* Debug */,
				C6D157FF2BEFC0550070898F /* Release */,
			);
			defaultConfigurationIsVisible = 0;
			defaultConfigurationName = Release;
		};
		C6D158002BEFC0550070898F /* Build configuration list for PBXNativeTarget "SwiftUIMovieApp" */ = {
			isa = XCConfigurationList;
			buildConfigurations = (
				C6D158012BEFC0550070898F /* Debug */,
				C6D158022BEFC0550070898F /* Release */,
			);
			defaultConfigurationIsVisible = 0;
			defaultConfigurationName = Release;
		};
/* End XCConfigurationList section */
	};
	rootObject = C6D157EA2BEFC0520070898F /* Project object */;
}
